// !$*UTF8*$!
{
	archiveVersion = 1;
	classes = {
	};
	objectVersion = 50;
	objects = {

/* Begin PBXBuildFile section */
		77289E4D2603BC84008FCAEE /* AppDelegate.swift in Sources */ = {isa = PBXBuildFile; fileRef = 77289E4C2603BC84008FCAEE /* AppDelegate.swift */; };
		77289E4F2603BC84008FCAEE /* SceneDelegate.swift in Sources */ = {isa = PBXBuildFile; fileRef = 77289E4E2603BC84008FCAEE /* SceneDelegate.swift */; };
		77289E512603BC84008FCAEE /* ContentView.swift in Sources */ = {isa = PBXBuildFile; fileRef = 77289E502603BC84008FCAEE /* ContentView.swift */; };
		77289E532603BC88008FCAEE /* Assets.xcassets in Resources */ = {isa = PBXBuildFile; fileRef = 77289E522603BC88008FCAEE /* Assets.xcassets */; };
		77289E562603BC88008FCAEE /* Preview Assets.xcassets in Resources */ = {isa = PBXBuildFile; fileRef = 77289E552603BC88008FCAEE /* Preview Assets.xcassets */; };
		77289E592603BC88008FCAEE /* LaunchScreen.storyboard in Resources */ = {isa = PBXBuildFile; fileRef = 77289E572603BC88008FCAEE /* LaunchScreen.storyboard */; };
		77289E682603C630008FCAEE /* ViewModel.swift in Sources */ = {isa = PBXBuildFile; fileRef = 77289E672603C630008FCAEE /* ViewModel.swift */; };
		77289E6B2603CA21008FCAEE /* Recipes.swift in Sources */ = {isa = PBXBuildFile; fileRef = 77289E6A2603CA21008FCAEE /* Recipes.swift */; };
		77289E6E2603CC90008FCAEE /* Meals.swift in Sources */ = {isa = PBXBuildFile; fileRef = 77289E6D2603CC90008FCAEE /* Meals.swift */; };
		774BCFFD2603F69D00E1EB70 /* Recipe.swift in Sources */ = {isa = PBXBuildFile; fileRef = 774BCFFC2603F69D00E1EB70 /* Recipe.swift */; };
/* End PBXBuildFile section */

/* Begin PBXFileReference section */
		77289E492603BC84008FCAEE /* CookBook.app */ = {isa = PBXFileReference; explicitFileType = wrapper.application; includeInIndex = 0; path = CookBook.app; sourceTree = BUILT_PRODUCTS_DIR; };
		77289E4C2603BC84008FCAEE /* AppDelegate.swift */ = {isa = PBXFileReference; lastKnownFileType = sourcecode.swift; path = AppDelegate.swift; sourceTree = "<group>"; };
		77289E4E2603BC84008FCAEE /* SceneDelegate.swift */ = {isa = PBXFileReference; lastKnownFileType = sourcecode.swift; path = SceneDelegate.swift; sourceTree = "<group>"; };
		77289E502603BC84008FCAEE /* ContentView.swift */ = {isa = PBXFileReference; lastKnownFileType = sourcecode.swift; path = ContentView.swift; sourceTree = "<group>"; };
		77289E522603BC88008FCAEE /* Assets.xcassets */ = {isa = PBXFileReference; lastKnownFileType = folder.assetcatalog; path = Assets.xcassets; sourceTree = "<group>"; };
		77289E552603BC88008FCAEE /* Preview Assets.xcassets */ = {isa = PBXFileReference; lastKnownFileType = folder.assetcatalog; path = "Preview Assets.xcassets"; sourceTree = "<group>"; };
		77289E582603BC88008FCAEE /* Base */ = {isa = PBXFileReference; lastKnownFileType = file.storyboard; name = Base; path = Base.lproj/LaunchScreen.storyboard; sourceTree = "<group>"; };
		77289E5A2603BC88008FCAEE /* Info.plist */ = {isa = PBXFileReference; lastKnownFileType = text.plist.xml; path = Info.plist; sourceTree = "<group>"; };
		77289E672603C630008FCAEE /* ViewModel.swift */ = {isa = PBXFileReference; lastKnownFileType = sourcecode.swift; path = ViewModel.swift; sourceTree = "<group>"; };
		77289E6A2603CA21008FCAEE /* Recipes.swift */ = {isa = PBXFileReference; lastKnownFileType = sourcecode.swift; path = Recipes.swift; sourceTree = "<group>"; };
		77289E6D2603CC90008FCAEE /* Meals.swift */ = {isa = PBXFileReference; lastKnownFileType = sourcecode.swift; path = Meals.swift; sourceTree = "<group>"; };
		774BCFFC2603F69D00E1EB70 /* Recipe.swift */ = {isa = PBXFileReference; lastKnownFileType = sourcecode.swift; path = Recipe.swift; sourceTree = "<group>"; };
/* End PBXFileReference section */

/* Begin PBXFrameworksBuildPhase section */
		77289E462603BC84008FCAEE /* Frameworks */ = {
			isa = PBXFrameworksBuildPhase;
			buildActionMask = 2147483647;
			files = (
			);
			runOnlyForDeploymentPostprocessing = 0;
		};
/* End PBXFrameworksBuildPhase section */

/* Begin PBXGroup section */
		77289E402603BC84008FCAEE = {
			isa = PBXGroup;
			children = (
				77289E4B2603BC84008FCAEE /* CookBook */,
				77289E4A2603BC84008FCAEE /* Products */,
			);
			sourceTree = "<group>";
		};
		77289E4A2603BC84008FCAEE /* Products */ = {
			isa = PBXGroup;
			children = (
				77289E492603BC84008FCAEE /* CookBook.app */,
			);
			name = Products;
			sourceTree = "<group>";
		};
		77289E4B2603BC84008FCAEE /* CookBook */ = {
			isa = PBXGroup;
			children = (
				77289E4C2603BC84008FCAEE /* AppDelegate.swift */,
				77289E4E2603BC84008FCAEE /* SceneDelegate.swift */,
				77289E502603BC84008FCAEE /* ContentView.swift */,
				77289E612603BD34008FCAEE /* Models */,
				77289E622603BD5D008FCAEE /* View Models */,
				77289E632603BDA6008FCAEE /* Views */,
				77289E572603BC88008FCAEE /* LaunchScreen.storyboard */,
				77289E5A2603BC88008FCAEE /* Info.plist */,
				77289E522603BC88008FCAEE /* Assets.xcassets */,
				77289E542603BC88008FCAEE /* Preview Content */,
			);
			path = CookBook;
			sourceTree = "<group>";
		};
		77289E542603BC88008FCAEE /* Preview Content */ = {
			isa = PBXGroup;
			children = (
				77289E552603BC88008FCAEE /* Preview Assets.xcassets */,
			);
			path = "Preview Content";
			sourceTree = "<group>";
		};
		77289E612603BD34008FCAEE /* Models */ = {
			isa = PBXGroup;
			children = (
				774BCFFC2603F69D00E1EB70 /* Recipe.swift */,
				77289E6A2603CA21008FCAEE /* Recipes.swift */,
			);
			path = Models;
			sourceTree = "<group>";
		};
		77289E622603BD5D008FCAEE /* View Models */ = {
			isa = PBXGroup;
			children = (
				77289E672603C630008FCAEE /* ViewModel.swift */,
			);
			path = "View Models";
			sourceTree = "<group>";
		};
		77289E632603BDA6008FCAEE /* Views */ = {
			isa = PBXGroup;
			children = (
				77289E6D2603CC90008FCAEE /* Meals.swift */,
			);
			path = Views;
			sourceTree = "<group>";
		};
/* End PBXGroup section */

/* Begin PBXNativeTarget section */
		77289E482603BC84008FCAEE /* CookBook */ = {
			isa = PBXNativeTarget;
			buildConfigurationList = 77289E5D2603BC88008FCAEE /* Build configuration list for PBXNativeTarget "CookBook" */;
			buildPhases = (
				77289E452603BC84008FCAEE /* Sources */,
				77289E462603BC84008FCAEE /* Frameworks */,
				77289E472603BC84008FCAEE /* Resources */,
			);
			buildRules = (
			);
			dependencies = (
			);
			name = CookBook;
			productName = CookBook;
			productReference = 77289E492603BC84008FCAEE /* CookBook.app */;
			productType = "com.apple.product-type.application";
		};
/* End PBXNativeTarget section */

/* Begin PBXProject section */
		77289E412603BC84008FCAEE /* Project object */ = {
			isa = PBXProject;
			attributes = {
				LastSwiftUpdateCheck = 1240;
				LastUpgradeCheck = 1240;
				TargetAttributes = {
					77289E482603BC84008FCAEE = {
						CreatedOnToolsVersion = 12.4;
					};
				};
			};
			buildConfigurationList = 77289E442603BC84008FCAEE /* Build configuration list for PBXProject "CookBook" */;
			compatibilityVersion = "Xcode 9.3";
			developmentRegion = en;
			hasScannedForEncodings = 0;
			knownRegions = (
				en,
				Base,
			);
			mainGroup = 77289E402603BC84008FCAEE;
			productRefGroup = 77289E4A2603BC84008FCAEE /* Products */;
			projectDirPath = "";
			projectRoot = "";
			targets = (
				77289E482603BC84008FCAEE /* CookBook */,
			);
		};
/* End PBXProject section */

/* Begin PBXResourcesBuildPhase section */
		77289E472603BC84008FCAEE /* Resources */ = {
			isa = PBXResourcesBuildPhase;
			buildActionMask = 2147483647;
			files = (
				77289E592603BC88008FCAEE /* LaunchScreen.storyboard in Resources */,
				77289E562603BC88008FCAEE /* Preview Assets.xcassets in Resources */,
				77289E532603BC88008FCAEE /* Assets.xcassets in Resources */,
			);
			runOnlyForDeploymentPostprocessing = 0;
		};
/* End PBXResourcesBuildPhase section */

/* Begin PBXSourcesBuildPhase section */
		77289E452603BC84008FCAEE /* Sources */ = {
			isa = PBXSourcesBuildPhase;
			buildActionMask = 2147483647;
			files = (
				77289E682603C630008FCAEE /* ViewModel.swift in Sources */,
				77289E6B2603CA21008FCAEE /* Recipes.swift in Sources */,
				77289E4D2603BC84008FCAEE /* AppDelegate.swift in Sources */,
				77289E4F2603BC84008FCAEE /* SceneDelegate.swift in Sources */,
				77289E512603BC84008FCAEE /* ContentView.swift in Sources */,
				77289E6E2603CC90008FCAEE /* Meals.swift in Sources */,
				774BCFFD2603F69D00E1EB70 /* Recipe.swift in Sources */,
			);
			runOnlyForDeploymentPostprocessing = 0;
		};
/* End PBXSourcesBuildPhase section */

/* Begin PBXVariantGroup section */
		77289E572603BC88008FCAEE /* LaunchScreen.storyboard */ = {
			isa = PBXVariantGroup;
			children = (
				77289E582603BC88008FCAEE /* Base */,
			);
			name = LaunchScreen.storyboard;
			sourceTree = "<group>";
		};
/* End PBXVariantGroup section */

/* Begin XCBuildConfiguration section */
		77289E5B2603BC88008FCAEE /* Debug */ = {
			isa = XCBuildConfiguration;
			buildSettings = {
				ALWAYS_SEARCH_USER_PATHS = NO;
				CLANG_ANALYZER_NONNULL = YES;
				CLANG_ANALYZER_NUMBER_OBJECT_CONVERSION = YES_AGGRESSIVE;
				CLANG_CXX_LANGUAGE_STANDARD = "gnu++14";
				CLANG_CXX_LIBRARY = "libc++";
				CLANG_ENABLE_MODULES = YES;
				CLANG_ENABLE_OBJC_ARC = YES;
				CLANG_ENABLE_OBJC_WEAK = YES;
				CLANG_WARN_BLOCK_CAPTURE_AUTORELEASING = YES;
				CLANG_WARN_BOOL_CONVERSION = YES;
				CLANG_WARN_COMMA = YES;
				CLANG_WARN_CONSTANT_CONVERSION = YES;
				CLANG_WARN_DEPRECATED_OBJC_IMPLEMENTATIONS = YES;
				CLANG_WARN_DIRECT_OBJC_ISA_USAGE = YES_ERROR;
				CLANG_WARN_DOCUMENTATION_COMMENTS = YES;
				CLANG_WARN_EMPTY_BODY = YES;
				CLANG_WARN_ENUM_CONVERSION = YES;
				CLANG_WARN_INFINITE_RECURSION = YES;
				CLANG_WARN_INT_CONVERSION = YES;
				CLANG_WARN_NON_LITERAL_NULL_CONVERSION = YES;
				CLANG_WARN_OBJC_IMPLICIT_RETAIN_SELF = YES;
				CLANG_WARN_OBJC_LITERAL_CONVERSION = YES;
				CLANG_WARN_OBJC_ROOT_CLASS = YES_ERROR;
				CLANG_WARN_QUOTED_INCLUDE_IN_FRAMEWORK_HEADER = YES;
				CLANG_WARN_RANGE_LOOP_ANALYSIS = YES;
				CLANG_WARN_STRICT_PROTOTYPES = YES;
				CLANG_WARN_SUSPICIOUS_MOVE = YES;
				CLANG_WARN_UNGUARDED_AVAILABILITY = YES_AGGRESSIVE;
				CLANG_WARN_UNREACHABLE_CODE = YES;
				CLANG_WARN__DUPLICATE_METHOD_MATCH = YES;
				COPY_PHASE_STRIP = NO;
				DEBUG_INFORMATION_FORMAT = dwarf;
				ENABLE_STRICT_OBJC_MSGSEND = YES;
				ENABLE_TESTABILITY = YES;
				GCC_C_LANGUAGE_STANDARD = gnu11;
				GCC_DYNAMIC_NO_PIC = NO;
				GCC_NO_COMMON_BLOCKS = YES;
				GCC_OPTIMIZATION_LEVEL = 0;
				GCC_PREPROCESSOR_DEFINITIONS = (
					"DEBUG=1",
					"$(inherited)",
				);
				GCC_WARN_64_TO_32_BIT_CONVERSION = YES;
				GCC_WARN_ABOUT_RETURN_TYPE = YES_ERROR;
				GCC_WARN_UNDECLARED_SELECTOR = YES;
				GCC_WARN_UNINITIALIZED_AUTOS = YES_AGGRESSIVE;
				GCC_WARN_UNUSED_FUNCTION = YES;
				GCC_WARN_UNUSED_VARIABLE = YES;
				IPHONEOS_DEPLOYMENT_TARGET = 14.4;
				MTL_ENABLE_DEBUG_INFO = INCLUDE_SOURCE;
				MTL_FAST_MATH = YES;
				ONLY_ACTIVE_ARCH = YES;
				SDKROOT = iphoneos;
				SWIFT_ACTIVE_COMPILATION_CONDITIONS = DEBUG;
				SWIFT_OPTIMIZATION_LEVEL = "-Onone";
			};
			name = Debug;
		};
		77289E5C2603BC88008FCAEE /* Release */ = {
			isa = XCBuildConfiguration;
			buildSettings = {
				ALWAYS_SEARCH_USER_PATHS = NO;
				CLANG_ANALYZER_NONNULL = YES;
				CLANG_ANALYZER_NUMBER_OBJECT_CONVERSION = YES_AGGRESSIVE;
				CLANG_CXX_LANGUAGE_STANDARD = "gnu++14";
				CLANG_CXX_LIBRARY = "libc++";
				CLANG_ENABLE_MODULES = YES;
				CLANG_ENABLE_OBJC_ARC = YES;
				CLANG_ENABLE_OBJC_WEAK = YES;
				CLANG_WARN_BLOCK_CAPTURE_AUTORELEASING = YES;
				CLANG_WARN_BOOL_CONVERSION = YES;
				CLANG_WARN_COMMA = YES;
				CLANG_WARN_CONSTANT_CONVERSION = YES;
				CLANG_WARN_DEPRECATED_OBJC_IMPLEMENTATIONS = YES;
				CLANG_WARN_DIRECT_OBJC_ISA_USAGE = YES_ERROR;
				CLANG_WARN_DOCUMENTATION_COMMENTS = YES;
				CLANG_WARN_EMPTY_BODY = YES;
				CLANG_WARN_ENUM_CONVERSION = YES;
				CLANG_WARN_INFINITE_RECURSION = YES;
				CLANG_WARN_INT_CONVERSION = YES;
				CLANG_WARN_NON_LITERAL_NULL_CONVERSION = YES;
				CLANG_WARN_OBJC_IMPLICIT_RETAIN_SELF = YES;
				CLANG_WARN_OBJC_LITERAL_CONVERSION = YES;
				CLANG_WARN_OBJC_ROOT_CLASS = YES_ERROR;
				CLANG_WARN_QUOTED_INCLUDE_IN_FRAMEWORK_HEADER = YES;
				CLANG_WARN_RANGE_LOOP_ANALYSIS = YES;
				CLANG_WARN_STRICT_PROTOTYPES = YES;
				CLANG_WARN_SUSPICIOUS_MOVE = YES;
				CLANG_WARN_UNGUARDED_AVAILABILITY = YES_AGGRESSIVE;
				CLANG_WARN_UNREACHABLE_CODE = YES;
				CLANG_WARN__DUPLICATE_METHOD_MATCH = YES;
				COPY_PHASE_STRIP = NO;
				DEBUG_INFORMATION_FORMAT = "dwarf-with-dsym";
				ENABLE_NS_ASSERTIONS = NO;
				ENABLE_STRICT_OBJC_MSGSEND = YES;
				GCC_C_LANGUAGE_STANDARD = gnu11;
				GCC_NO_COMMON_BLOCKS = YES;
				GCC_WARN_64_TO_32_BIT_CONVERSION = YES;
				GCC_WARN_ABOUT_RETURN_TYPE = YES_ERROR;
				GCC_WARN_UNDECLARED_SELECTOR = YES;
				GCC_WARN_UNINITIALIZED_AUTOS = YES_AGGRESSIVE;
				GCC_WARN_UNUSED_FUNCTION = YES;
				GCC_WARN_UNUSED_VARIABLE = YES;
				IPHONEOS_DEPLOYMENT_TARGET = 14.4;
				MTL_ENABLE_DEBUG_INFO = NO;
				MTL_FAST_MATH = YES;
				SDKROOT = iphoneos;
				SWIFT_COMPILATION_MODE = wholemodule;
				SWIFT_OPTIMIZATION_LEVEL = "-O";
				VALIDATE_PRODUCT = YES;
			};
			name = Release;
		};
		77289E5E2603BC88008FCAEE /* Debug */ = {
			isa = XCBuildConfiguration;
			buildSettings = {
				ASSETCATALOG_COMPILER_APPICON_NAME = AppIcon;
				ASSETCATALOG_COMPILER_GLOBAL_ACCENT_COLOR_NAME = AccentColor;
				CODE_SIGN_STYLE = Automatic;
				DEVELOPMENT_ASSET_PATHS = "\"CookBook/Preview Content\"";
				DEVELOPMENT_TEAM = AY5BV48T65;
				ENABLE_PREVIEWS = YES;
				INFOPLIST_FILE = CookBook/Info.plist;
				LD_RUNPATH_SEARCH_PATHS = (
					"$(inherited)",
					"@executable_path/Frameworks",
				);
				PRODUCT_BUNDLE_IDENTIFIER = romagornostay.CookBook;
				PRODUCT_NAME = "$(TARGET_NAME)";
				SWIFT_VERSION = 5.0;
				TARGETED_DEVICE_FAMILY = "1,2";
			};
			name = Debug;
		};
		77289E5F2603BC88008FCAEE /* Release */ = {
			isa = XCBuildConfiguration;
			buildSettings = {
				ASSETCATALOG_COMPILER_APPICON_NAME = AppIcon;
				ASSETCATALOG_COMPILER_GLOBAL_ACCENT_COLOR_NAME = AccentColor;
				CODE_SIGN_STYLE = Automatic;
				DEVELOPMENT_ASSET_PATHS = "\"CookBook/Preview Content\"";
				DEVELOPMENT_TEAM = AY5BV48T65;
				ENABLE_PREVIEWS = YES;
				INFOPLIST_FILE = CookBook/Info.plist;
				LD_RUNPATH_SEARCH_PATHS = (
					"$(inherited)",
					"@executable_path/Frameworks",
				);
				PRODUCT_BUNDLE_IDENTIFIER = romagornostay.CookBook;
				PRODUCT_NAME = "$(TARGET_NAME)";
				SWIFT_VERSION = 5.0;
				TARGETED_DEVICE_FAMILY = "1,2";
			};
			name = Release;
		};
/* End XCBuildConfiguration section */

/* Begin XCConfigurationList section */
		77289E442603BC84008FCAEE /* Build configuration list for PBXProject "CookBook" */ = {
			isa = XCConfigurationList;
			buildConfigurations = (
				77289E5B2603BC88008FCAEE /* Debug */,
				77289E5C2603BC88008FCAEE /* Release */,
			);
			defaultConfigurationIsVisible = 0;
			defaultConfigurationName = Release;
		};
		77289E5D2603BC88008FCAEE /* Build configuration list for PBXNativeTarget "CookBook" */ = {
			isa = XCConfigurationList;
			buildConfigurations = (
				77289E5E2603BC88008FCAEE /* Debug */,
				77289E5F2603BC88008FCAEE /* Release */,
			);
			defaultConfigurationIsVisible = 0;
			defaultConfigurationName = Release;
		};
/* End XCConfigurationList section */
	};
	rootObject = 77289E412603BC84008FCAEE /* Project object */;
}
